// !$*UTF8*$!
{
	archiveVersion = 1;
	classes = {
	};
	objectVersion = 46;
	objects = {

/* Begin PBXBuildFile section */
		A219ABB81C0C6B7400687F15 /* AppDelegate.swift in Sources */ = {isa = PBXBuildFile; fileRef = A219ABB71C0C6B7400687F15 /* AppDelegate.swift */; };
		A219ABBA1C0C6B7400687F15 /* ViewController.swift in Sources */ = {isa = PBXBuildFile; fileRef = A219ABB91C0C6B7400687F15 /* ViewController.swift */; };
		A219ABBD1C0C6B7400687F15 /* Main.storyboard in Resources */ = {isa = PBXBuildFile; fileRef = A219ABBB1C0C6B7400687F15 /* Main.storyboard */; };
		A219ABBF1C0C6B7400687F15 /* Assets.xcassets in Resources */ = {isa = PBXBuildFile; fileRef = A219ABBE1C0C6B7400687F15 /* Assets.xcassets */; };
		A219ABC21C0C6B7400687F15 /* LaunchScreen.storyboard in Resources */ = {isa = PBXBuildFile; fileRef = A219ABC01C0C6B7400687F15 /* LaunchScreen.storyboard */; };
		A219ABCA1C0C6B8900687F15 /* MyAudioPlayer.swift in Sources */ = {isa = PBXBuildFile; fileRef = A219ABC91C0C6B8900687F15 /* MyAudioPlayer.swift */; };
		A219ABCE1C0C74F400687F15 /* Foundation.framework in Frameworks */ = {isa = PBXBuildFile; fileRef = A219ABCD1C0C74F400687F15 /* Foundation.framework */; };
		A219ABCF1C0C74FD00687F15 /* CoreAudio.framework in Frameworks */ = {isa = PBXBuildFile; fileRef = A219ABCB1C0C6F2E00687F15 /* CoreAudio.framework */; };
		A2CB491C1D7076C000DA9B2A /* AppDelegate.swift in Sources */ = {isa = PBXBuildFile; fileRef = A2CB491B1D7076C000DA9B2A /* AppDelegate.swift */; };
		A2CB491E1D7076C000DA9B2A /* ViewController.swift in Sources */ = {isa = PBXBuildFile; fileRef = A2CB491D1D7076C000DA9B2A /* ViewController.swift */; };
		A2CB49201D7076C000DA9B2A /* Assets.xcassets in Resources */ = {isa = PBXBuildFile; fileRef = A2CB491F1D7076C000DA9B2A /* Assets.xcassets */; };
		A2CB49231D7076C000DA9B2A /* Main.storyboard in Resources */ = {isa = PBXBuildFile; fileRef = A2CB49211D7076C000DA9B2A /* Main.storyboard */; };
		A2CB49281D70775F00DA9B2A /* MyAudioPlayer.swift in Sources */ = {isa = PBXBuildFile; fileRef = A219ABC91C0C6B8900687F15 /* MyAudioPlayer.swift */; };
		A2DD4E731E951E7A00A8DFD3 /* WaveView.swift in Sources */ = {isa = PBXBuildFile; fileRef = A2DD4E721E951E7A00A8DFD3 /* WaveView.swift */; };
/* End PBXBuildFile section */

/* Begin PBXFileReference section */
		A219ABB41C0C6B7400687F15 /* audiounitswift.app */ = {isa = PBXFileReference; explicitFileType = wrapper.application; includeInIndex = 0; path = audiounitswift.app; sourceTree = BUILT_PRODUCTS_DIR; };
		A219ABB71C0C6B7400687F15 /* AppDelegate.swift */ = {isa = PBXFileReference; lastKnownFileType = sourcecode.swift; path = AppDelegate.swift; sourceTree = "<group>"; };
		A219ABB91C0C6B7400687F15 /* ViewController.swift */ = {isa = PBXFileReference; lastKnownFileType = sourcecode.swift; path = ViewController.swift; sourceTree = "<group>"; };
		A219ABBC1C0C6B7400687F15 /* Base */ = {isa = PBXFileReference; lastKnownFileType = file.storyboard; name = Base; path = Base.lproj/Main.storyboard; sourceTree = "<group>"; };
		A219ABBE1C0C6B7400687F15 /* Assets.xcassets */ = {isa = PBXFileReference; lastKnownFileType = folder.assetcatalog; path = Assets.xcassets; sourceTree = "<group>"; };
		A219ABC11C0C6B7400687F15 /* Base */ = {isa = PBXFileReference; lastKnownFileType = file.storyboard; name = Base; path = Base.lproj/LaunchScreen.storyboard; sourceTree = "<group>"; };
		A219ABC31C0C6B7400687F15 /* Info.plist */ = {isa = PBXFileReference; lastKnownFileType = text.plist.xml; path = Info.plist; sourceTree = "<group>"; };
		A219ABC91C0C6B8900687F15 /* MyAudioPlayer.swift */ = {isa = PBXFileReference; fileEncoding = 4; lastKnownFileType = sourcecode.swift; path = MyAudioPlayer.swift; sourceTree = "<group>"; };
		A219ABCB1C0C6F2E00687F15 /* CoreAudio.framework */ = {isa = PBXFileReference; lastKnownFileType = wrapper.framework; name = CoreAudio.framework; path = System/Library/Frameworks/CoreAudio.framework; sourceTree = SDKROOT; };
		A219ABCD1C0C74F400687F15 /* Foundation.framework */ = {isa = PBXFileReference; lastKnownFileType = wrapper.framework; name = Foundation.framework; path = System/Library/Frameworks/Foundation.framework; sourceTree = SDKROOT; };
		A2CB49191D7076C000DA9B2A /* audiounitswiftOSX.app */ = {isa = PBXFileReference; explicitFileType = wrapper.application; includeInIndex = 0; path = audiounitswiftOSX.app; sourceTree = BUILT_PRODUCTS_DIR; };
		A2CB491B1D7076C000DA9B2A /* AppDelegate.swift */ = {isa = PBXFileReference; lastKnownFileType = sourcecode.swift; path = AppDelegate.swift; sourceTree = "<group>"; };
		A2CB491D1D7076C000DA9B2A /* ViewController.swift */ = {isa = PBXFileReference; lastKnownFileType = sourcecode.swift; path = ViewController.swift; sourceTree = "<group>"; };
		A2CB491F1D7076C000DA9B2A /* Assets.xcassets */ = {isa = PBXFileReference; lastKnownFileType = folder.assetcatalog; path = Assets.xcassets; sourceTree = "<group>"; };
		A2CB49221D7076C000DA9B2A /* Base */ = {isa = PBXFileReference; lastKnownFileType = file.storyboard; name = Base; path = Base.lproj/Main.storyboard; sourceTree = "<group>"; };
		A2CB49241D7076C000DA9B2A /* Info.plist */ = {isa = PBXFileReference; lastKnownFileType = text.plist.xml; path = Info.plist; sourceTree = "<group>"; };
		A2DD4E721E951E7A00A8DFD3 /* WaveView.swift */ = {isa = PBXFileReference; fileEncoding = 4; lastKnownFileType = sourcecode.swift; path = WaveView.swift; sourceTree = "<group>"; };
/* End PBXFileReference section */

/* Begin PBXFrameworksBuildPhase section */
		A219ABB11C0C6B7400687F15 /* Frameworks */ = {
			isa = PBXFrameworksBuildPhase;
			buildActionMask = 2147483647;
			files = (
				A219ABCF1C0C74FD00687F15 /* CoreAudio.framework in Frameworks */,
				A219ABCE1C0C74F400687F15 /* Foundation.framework in Frameworks */,
			);
			runOnlyForDeploymentPostprocessing = 0;
		};
		A2CB49161D7076C000DA9B2A /* Frameworks */ = {
			isa = PBXFrameworksBuildPhase;
			buildActionMask = 2147483647;
			files = (
			);
			runOnlyForDeploymentPostprocessing = 0;
		};
/* End PBXFrameworksBuildPhase section */

/* Begin PBXGroup section */
		A219ABAB1C0C6B7400687F15 = {
			isa = PBXGroup;
			children = (
				A219ABB61C0C6B7400687F15 /* audiounitswift */,
				A2CB491A1D7076C000DA9B2A /* audiounitswiftOSX */,
				A219ABB51C0C6B7400687F15 /* Products */,
			);
			sourceTree = "<group>";
		};
		A219ABB51C0C6B7400687F15 /* Products */ = {
			isa = PBXGroup;
			children = (
				A219ABB41C0C6B7400687F15 /* audiounitswift.app */,
				A2CB49191D7076C000DA9B2A /* audiounitswiftOSX.app */,
			);
			name = Products;
			sourceTree = "<group>";
		};
		A219ABB61C0C6B7400687F15 /* audiounitswift */ = {
			isa = PBXGroup;
			children = (
				A219ABB71C0C6B7400687F15 /* AppDelegate.swift */,
				A219ABB91C0C6B7400687F15 /* ViewController.swift */,
				A219ABC91C0C6B8900687F15 /* MyAudioPlayer.swift */,
				A2DD4E721E951E7A00A8DFD3 /* WaveView.swift */,
				A219ABBB1C0C6B7400687F15 /* Main.storyboard */,
				A219ABBE1C0C6B7400687F15 /* Assets.xcassets */,
				A219ABC01C0C6B7400687F15 /* LaunchScreen.storyboard */,
				A219ABC31C0C6B7400687F15 /* Info.plist */,
				A219ABCD1C0C74F400687F15 /* Foundation.framework */,
				A219ABCB1C0C6F2E00687F15 /* CoreAudio.framework */,
			);
			path = audiounitswift;
			sourceTree = "<group>";
		};
		A2CB491A1D7076C000DA9B2A /* audiounitswiftOSX */ = {
			isa = PBXGroup;
			children = (
				A2CB491B1D7076C000DA9B2A /* AppDelegate.swift */,
				A2CB491D1D7076C000DA9B2A /* ViewController.swift */,
				A2CB491F1D7076C000DA9B2A /* Assets.xcassets */,
				A2CB49211D7076C000DA9B2A /* Main.storyboard */,
				A2CB49241D7076C000DA9B2A /* Info.plist */,
			);
			path = audiounitswiftOSX;
			sourceTree = "<group>";
		};
/* End PBXGroup section */

/* Begin PBXNativeTarget section */
		A219ABB31C0C6B7400687F15 /* audiounitswift */ = {
			isa = PBXNativeTarget;
			buildConfigurationList = A219ABC61C0C6B7400687F15 /* Build configuration list for PBXNativeTarget "audiounitswift" */;
			buildPhases = (
				A219ABB01C0C6B7400687F15 /* Sources */,
				A219ABB11C0C6B7400687F15 /* Frameworks */,
				A219ABB21C0C6B7400687F15 /* Resources */,
			);
			buildRules = (
			);
			dependencies = (
			);
			name = audiounitswift;
			productName = audiounitswift;
			productReference = A219ABB41C0C6B7400687F15 /* audiounitswift.app */;
			productType = "com.apple.product-type.application";
		};
		A2CB49181D7076C000DA9B2A /* audiounitswiftOSX */ = {
			isa = PBXNativeTarget;
			buildConfigurationList = A2CB49271D7076C000DA9B2A /* Build configuration list for PBXNativeTarget "audiounitswiftOSX" */;
			buildPhases = (
				A2CB49151D7076C000DA9B2A /* Sources */,
				A2CB49161D7076C000DA9B2A /* Frameworks */,
				A2CB49171D7076C000DA9B2A /* Resources */,
			);
			buildRules = (
			);
			dependencies = (
			);
			name = audiounitswiftOSX;
			productName = audiounitswiftOSX;
			productReference = A2CB49191D7076C000DA9B2A /* audiounitswiftOSX.app */;
			productType = "com.apple.product-type.application";
		};
/* End PBXNativeTarget section */

/* Begin PBXProject section */
		A219ABAC1C0C6B7400687F15 /* Project object */ = {
			isa = PBXProject;
			attributes = {
				LastSwiftUpdateCheck = 0730;
				LastUpgradeCheck = 0710;
				ORGANIZATIONNAME = pebble8888;
				TargetAttributes = {
					A219ABB31C0C6B7400687F15 = {
						CreatedOnToolsVersion = 7.1.1;
						DevelopmentTeam = WAXDS76BRK;
						LastSwiftMigration = 0820;
					};
					A2CB49181D7076C000DA9B2A = {
						CreatedOnToolsVersion = 7.3.1;
					};
				};
			};
			buildConfigurationList = A219ABAF1C0C6B7400687F15 /* Build configuration list for PBXProject "audiounitswift" */;
			compatibilityVersion = "Xcode 3.2";
			developmentRegion = English;
			hasScannedForEncodings = 0;
			knownRegions = (
				en,
				Base,
			);
			mainGroup = A219ABAB1C0C6B7400687F15;
			productRefGroup = A219ABB51C0C6B7400687F15 /* Products */;
			projectDirPath = "";
			projectRoot = "";
			targets = (
				A219ABB31C0C6B7400687F15 /* audiounitswift */,
				A2CB49181D7076C000DA9B2A /* audiounitswiftOSX */,
			);
		};
/* End PBXProject section */

/* Begin PBXResourcesBuildPhase section */
		A219ABB21C0C6B7400687F15 /* Resources */ = {
			isa = PBXResourcesBuildPhase;
			buildActionMask = 2147483647;
			files = (
				A219ABC21C0C6B7400687F15 /* LaunchScreen.storyboard in Resources */,
				A219ABBF1C0C6B7400687F15 /* Assets.xcassets in Resources */,
				A219ABBD1C0C6B7400687F15 /* Main.storyboard in Resources */,
			);
			runOnlyForDeploymentPostprocessing = 0;
		};
		A2CB49171D7076C000DA9B2A /* Resources */ = {
			isa = PBXResourcesBuildPhase;
			buildActionMask = 2147483647;
			files = (
				A2CB49201D7076C000DA9B2A /* Assets.xcassets in Resources */,
				A2CB49231D7076C000DA9B2A /* Main.storyboard in Resources */,
			);
			runOnlyForDeploymentPostprocessing = 0;
		};
/* End PBXResourcesBuildPhase section */

/* Begin PBXSourcesBuildPhase section */
		A219ABB01C0C6B7400687F15 /* Sources */ = {
			isa = PBXSourcesBuildPhase;
			buildActionMask = 2147483647;
			files = (
				A219ABCA1C0C6B8900687F15 /* MyAudioPlayer.swift in Sources */,
				A219ABBA1C0C6B7400687F15 /* ViewController.swift in Sources */,
				A219ABB81C0C6B7400687F15 /* AppDelegate.swift in Sources */,
				A2DD4E731E951E7A00A8DFD3 /* WaveView.swift in Sources */,
			);
			runOnlyForDeploymentPostprocessing = 0;
		};
		A2CB49151D7076C000DA9B2A /* Sources */ = {
			isa = PBXSourcesBuildPhase;
			buildActionMask = 2147483647;
			files = (
				A2CB49281D70775F00DA9B2A /* MyAudioPlayer.swift in Sources */,
				A2CB491E1D7076C000DA9B2A /* ViewController.swift in Sources */,
				A2CB491C1D7076C000DA9B2A /* AppDelegate.swift in Sources */,
			);
			runOnlyForDeploymentPostprocessing = 0;
		};
/* End PBXSourcesBuildPhase section */

/* Begin PBXVariantGroup section */
		A219ABBB1C0C6B7400687F15 /* Main.storyboard */ = {
			isa = PBXVariantGroup;
			children = (
				A219ABBC1C0C6B7400687F15 /* Base */,
			);
			name = Main.storyboard;
			sourceTree = "<group>";
		};
		A219ABC01C0C6B7400687F15 /* LaunchScreen.storyboard */ = {
			isa = PBXVariantGroup;
			children = (
				A219ABC11C0C6B7400687F15 /* Base */,
			);
			name = LaunchScreen.storyboard;
			sourceTree = "<group>";
		};
		A2CB49211D7076C000DA9B2A /* Main.storyboard */ = {
			isa = PBXVariantGroup;
			children = (
				A2CB49221D7076C000DA9B2A /* Base */,
			);
			name = Main.storyboard;
			sourceTree = "<group>";
		};
/* End PBXVariantGroup section */

/* Begin XCBuildConfiguration section */
		A219ABC41C0C6B7400687F15 /* Debug */ = {
			isa = XCBuildConfiguration;
			buildSettings = {
				ALWAYS_SEARCH_USER_PATHS = NO;
				CLANG_CXX_LANGUAGE_STANDARD = "gnu++0x";
				CLANG_CXX_LIBRARY = "libc++";
				CLANG_ENABLE_MODULES = YES;
				CLANG_ENABLE_OBJC_ARC = YES;
				CLANG_WARN_BOOL_CONVERSION = YES;
				CLANG_WARN_CONSTANT_CONVERSION = YES;
				CLANG_WARN_DIRECT_OBJC_ISA_USAGE = YES_ERROR;
				CLANG_WARN_EMPTY_BODY = YES;
				CLANG_WARN_ENUM_CONVERSION = YES;
				CLANG_WARN_INT_CONVERSION = YES;
				CLANG_WARN_OBJC_ROOT_CLASS = YES_ERROR;
				CLANG_WARN_UNREACHABLE_CODE = YES;
				CLANG_WARN__DUPLICATE_METHOD_MATCH = YES;
				"CODE_SIGN_IDENTITY[sdk=iphoneos*]" = "iPhone Developer";
				COPY_PHASE_STRIP = NO;
				DEBUG_INFORMATION_FORMAT = dwarf;
				ENABLE_BITCODE = NO;
				ENABLE_STRICT_OBJC_MSGSEND = YES;
				ENABLE_TESTABILITY = YES;
				GCC_C_LANGUAGE_STANDARD = gnu99;
				GCC_DYNAMIC_NO_PIC = NO;
				GCC_NO_COMMON_BLOCKS = YES;
				GCC_OPTIMIZATION_LEVEL = 0;
				GCC_PREPROCESSOR_DEFINITIONS = (
					"DEBUG=1",
					"$(inherited)",
				);
				GCC_WARN_64_TO_32_BIT_CONVERSION = YES;
				GCC_WARN_ABOUT_RETURN_TYPE = YES_ERROR;
				GCC_WARN_UNDECLARED_SELECTOR = YES;
				GCC_WARN_UNINITIALIZED_AUTOS = YES_AGGRESSIVE;
				GCC_WARN_UNUSED_FUNCTION = YES;
				GCC_WARN_UNUSED_VARIABLE = YES;
				IPHONEOS_DEPLOYMENT_TARGET = 9.1;
				MTL_ENABLE_DEBUG_INFO = YES;
				ONLY_ACTIVE_ARCH = NO;
				SDKROOT = iphoneos;
				SWIFT_OPTIMIZATION_LEVEL = "-Onone";
				TARGETED_DEVICE_FAMILY = "1,2";
			};
			name = Debug;
		};
		A219ABC51C0C6B7400687F15 /* Release */ = {
			isa = XCBuildConfiguration;
			buildSettings = {
				ALWAYS_SEARCH_USER_PATHS = NO;
				CLANG_CXX_LANGUAGE_STANDARD = "gnu++0x";
				CLANG_CXX_LIBRARY = "libc++";
				CLANG_ENABLE_MODULES = YES;
				CLANG_ENABLE_OBJC_ARC = YES;
				CLANG_WARN_BOOL_CONVERSION = YES;
				CLANG_WARN_CONSTANT_CONVERSION = YES;
				CLANG_WARN_DIRECT_OBJC_ISA_USAGE = YES_ERROR;
				CLANG_WARN_EMPTY_BODY = YES;
				CLANG_WARN_ENUM_CONVERSION = YES;
				CLANG_WARN_INT_CONVERSION = YES;
				CLANG_WARN_OBJC_ROOT_CLASS = YES_ERROR;
				CLANG_WARN_UNREACHABLE_CODE = YES;
				CLANG_WARN__DUPLICATE_METHOD_MATCH = YES;
				"CODE_SIGN_IDENTITY[sdk=iphoneos*]" = "iPhone Developer";
				COPY_PHASE_STRIP = NO;
				DEBUG_INFORMATION_FORMAT = "dwarf-with-dsym";
				ENABLE_BITCODE = NO;
				ENABLE_NS_ASSERTIONS = NO;
				ENABLE_STRICT_OBJC_MSGSEND = YES;
				GCC_C_LANGUAGE_STANDARD = gnu99;
				GCC_NO_COMMON_BLOCKS = YES;
				GCC_WARN_64_TO_32_BIT_CONVERSION = YES;
				GCC_WARN_ABOUT_RETURN_TYPE = YES_ERROR;
				GCC_WARN_UNDECLARED_SELECTOR = YES;
				GCC_WARN_UNINITIALIZED_AUTOS = YES_AGGRESSIVE;
				GCC_WARN_UNUSED_FUNCTION = YES;
				GCC_WARN_UNUSED_VARIABLE = YES;
				IPHONEOS_DEPLOYMENT_TARGET = 9.1;
				MTL_ENABLE_DEBUG_INFO = NO;
				SDKROOT = iphoneos;
				TARGETED_DEVICE_FAMILY = "1,2";
				VALIDATE_PRODUCT = YES;
			};
			name = Release;
		};
		A219ABC71C0C6B7400687F15 /* Debug */ = {
			isa = XCBuildConfiguration;
			buildSettings = {
				ASSETCATALOG_COMPILER_APPICON_NAME = AppIcon;
				DEAD_CODE_STRIPPING = YES;
				DEVELOPMENT_TEAM = WAXDS76BRK;
				INFOPLIST_FILE = audiounitswift/Info.plist;
				IPHONEOS_DEPLOYMENT_TARGET = 9.1;
				LD_RUNPATH_SEARCH_PATHS = "$(inherited) @executable_path/Frameworks";
				ONLY_ACTIVE_ARCH = YES;
				PRODUCT_BUNDLE_IDENTIFIER = pebble.audiounitswift;
				PRODUCT_NAME = "$(TARGET_NAME)";
				SWIFT_VERSION = 3.0;
				VALID_ARCHS = "arm64 armv7";
			};
			name = Debug;
		};
		A219ABC81C0C6B7400687F15 /* Release */ = {
			isa = XCBuildConfiguration;
			buildSettings = {
				ASSETCATALOG_COMPILER_APPICON_NAME = AppIcon;
				DEAD_CODE_STRIPPING = YES;
				DEVELOPMENT_TEAM = WAXDS76BRK;
				INFOPLIST_FILE = audiounitswift/Info.plist;
				IPHONEOS_DEPLOYMENT_TARGET = 9.1;
				LD_RUNPATH_SEARCH_PATHS = "$(inherited) @executable_path/Frameworks";
				ONLY_ACTIVE_ARCH = YES;
				PRODUCT_BUNDLE_IDENTIFIER = pebble.audiounitswift;
				PRODUCT_NAME = "$(TARGET_NAME)";
				SWIFT_VERSION = 3.0;
				VALID_ARCHS = "arm64 armv7";
			};
			name = Release;
		};
		A2CB49251D7076C000DA9B2A /* Debug */ = {
			isa = XCBuildConfiguration;
			buildSettings = {
				ASSETCATALOG_COMPILER_APPICON_NAME = AppIcon;
				CLANG_ANALYZER_NONNULL = YES;
				CODE_SIGN_IDENTITY = "-";
				COMBINE_HIDPI_IMAGES = YES;
				INFOPLIST_FILE = audiounitswiftOSX/Info.plist;
				LD_RUNPATH_SEARCH_PATHS = "$(inherited) @executable_path/../Frameworks";
				MACOSX_DEPLOYMENT_TARGET = 10.11;
				ONLY_ACTIVE_ARCH = YES;
				PRODUCT_BUNDLE_IDENTIFIER = pebble8888.audiounitswiftOSX;
				PRODUCT_NAME = "$(TARGET_NAME)";
				SDKROOT = macosx;
				SWIFT_VERSION = 3.0;
			};
			name = Debug;
		};
		A2CB49261D7076C000DA9B2A /* Release */ = {
			isa = XCBuildConfiguration;
			buildSettings = {
				ASSETCATALOG_COMPILER_APPICON_NAME = AppIcon;
				CLANG_ANALYZER_NONNULL = YES;
				CODE_SIGN_IDENTITY = "-";
				COMBINE_HIDPI_IMAGES = YES;
				INFOPLIST_FILE = audiounitswiftOSX/Info.plist;
				LD_RUNPATH_SEARCH_PATHS = "$(inherited) @executable_path/../Frameworks";
				MACOSX_DEPLOYMENT_TARGET = 10.11;
				PRODUCT_BUNDLE_IDENTIFIER = pebble8888.audiounitswiftOSX;
				PRODUCT_NAME = "$(TARGET_NAME)";
				SDKROOT = macosx;
				SWIFT_VERSION = 3.0;
			};
			name = Release;
		};
/* End XCBuildConfiguration section */

/* Begin XCConfigurationList section */
		A219ABAF1C0C6B7400687F15 /* Build configuration list for PBXProject "audiounitswift" */ = {
			isa = XCConfigurationList;
			buildConfigurations = (
				A219ABC41C0C6B7400687F15 /* Debug */,
				A219ABC51C0C6B7400687F15 /* Release */,
			);
			defaultConfigurationIsVisible = 0;
			defaultConfigurationName = Release;
		};
		A219ABC61C0C6B7400687F15 /* Build configuration list for PBXNativeTarget "audiounitswift" */ = {
			isa = XCConfigurationList;
			buildConfigurations = (
				A219ABC71C0C6B7400687F15 /* Debug */,
				A219ABC81C0C6B7400687F15 /* Release */,
			);
			defaultConfigurationIsVisible = 0;
			defaultConfigurationName = Release;
		};
		A2CB49271D7076C000DA9B2A /* Build configuration list for PBXNativeTarget "audiounitswiftOSX" */ = {
			isa = XCConfigurationList;
			buildConfigurations = (
				A2CB49251D7076C000DA9B2A /* Debug */,
				A2CB49261D7076C000DA9B2A /* Release */,
			);
			defaultConfigurationIsVisible = 0;
			defaultConfigurationName = Release;
		};
/* End XCConfigurationList section */
	};
	rootObject = A219ABAC1C0C6B7400687F15 /* Project object */;
}
